
Microsoft Visual Studio Solution File, Format Version 12.00
# Visual Studio Version 17
VisualStudioVersion = 17.4.33403.182
MinimumVisualStudioVersion = 10.0.40219.1
Project("{9A19103F-16F7-4668-BE54-9A1E7A4F7556}") = "ReviewManagementApp", "ReviewManagementApp.csproj", "{E50B822C-F45E-468A-BEED-C5D6111B7ECD}"
EndProject
Project("{9A19103F-16F7-4668-BE54-9A1E7A4F7556}") = "ReviewManagementApp.BusinessLayer", "..\ReviewManagementApp.BusinessLayer\ReviewManagementApp.BusinessLayer.csproj", "{1C8BA862-35D2-4FD8-B073-E33EFA5D5783}"
EndProject
Project("{9A19103F-16F7-4668-BE54-9A1E7A4F7556}") = "ReviewManagementApp.DataLayer", "..\ReviewManagementApp.DataLayer\ReviewManagementApp.DataLayer.csproj", "{3B38BF79-068D-4452-BC07-FE8973560A0B}"
EndProject
Project("{9A19103F-16F7-4668-BE54-9A1E7A4F7556}") = "ReviewManagementApp.Entities", "..\ReviewManagementApp.Entities\ReviewManagementApp.Entities.csproj", "{C69B2075-F834-4537-82CC-CE4604EA17D8}"
EndProject
Project("{9A19103F-16F7-4668-BE54-9A1E7A4F7556}") = "ReviewManagementApp.Tests", "..\ReviewManagementApp.Tests\ReviewManagementApp.Tests.csproj", "{41E676BA-92DD-46C3-B097-E43E69639916}"
EndProject
Global
	GlobalSection(SolutionConfigurationPlatforms) = preSolution
		Debug|Any CPU = Debug|Any CPU
		Release|Any CPU = Release|Any CPU
	EndGlobalSection
	GlobalSection(ProjectConfigurationPlatforms) = postSolution
		{E50B822C-F45E-468A-BEED-C5D6111B7ECD}.Debug|Any CPU.ActiveCfg = Debug|Any CPU
		{E50B822C-F45E-468A-BEED-C5D6111B7ECD}.Debug|Any CPU.Build.0 = Debug|Any CPU
		{E50B822C-F45E-468A-BEED-C5D6111B7ECD}.Release|Any CPU.ActiveCfg = Release|Any CPU
		{E50B822C-F45E-468A-BEED-C5D6111B7ECD}.Release|Any CPU.Build.0 = Release|Any CPU
		{1C8BA862-35D2-4FD8-B073-E33EFA5D5783}.Debug|Any CPU.ActiveCfg = Debug|Any CPU
		{1C8BA862-35D2-4FD8-B073-E33EFA5D5783}.Debug|Any CPU.Build.0 = Debug|Any CPU
		{1C8BA862-35D2-4FD8-B073-E33EFA5D5783}.Release|Any CPU.ActiveCfg = Release|Any CPU
		{1C8BA862-35D2-4FD8-B073-E33EFA5D5783}.Release|Any CPU.Build.0 = Release|Any CPU
		{3B38BF79-068D-4452-BC07-FE8973560A0B}.Debug|Any CPU.ActiveCfg = Debug|Any CPU
		{3B38BF79-068D-4452-BC07-FE8973560A0B}.Debug|Any CPU.Build.0 = Debug|Any CPU
		{3B38BF79-068D-4452-BC07-FE8973560A0B}.Release|Any CPU.ActiveCfg = Release|Any CPU
		{3B38BF79-068D-4452-BC07-FE8973560A0B}.Release|Any CPU.Build.0 = Release|Any CPU
		{C69B2075-F834-4537-82CC-CE4604EA17D8}.Debug|Any CPU.ActiveCfg = Debug|Any CPU
		{C69B2075-F834-4537-82CC-CE4604EA17D8}.Debug|Any CPU.Build.0 = Debug|Any CPU
		{C69B2075-F834-4537-82CC-CE4604EA17D8}.Release|Any CPU.ActiveCfg = Release|Any CPU
		{C69B2075-F834-4537-82CC-CE4604EA17D8}.Release|Any CPU.Build.0 = Release|Any CPU
		{41E676BA-92DD-46C3-B097-E43E69639916}.Debug|Any CPU.ActiveCfg = Debug|Any CPU
		{41E676BA-92DD-46C3-B097-E43E69639916}.Debug|Any CPU.Build.0 = Debug|Any CPU
		{41E676BA-92DD-46C3-B097-E43E69639916}.Release|Any CPU.ActiveCfg = Release|Any CPU
		{41E676BA-92DD-46C3-B097-E43E69639916}.Release|Any CPU.Build.0 = Release|Any CPU
	EndGlobalSection
	GlobalSection(SolutionProperties) = preSolution
		HideSolutionNode = FALSE
	EndGlobalSection
	GlobalSection(ExtensibilityGlobals) = postSolution
		SolutionGuid = {3CC5A395-3B7E-45D1-9653-C689D8822113}
	EndGlobalSection
EndGlobal
